{
  "name": "@nwm/tdms-react",
  "version": "0.6.48",
  "lockfileVersion": 1,
  "requires": true,
  "dependencies": {
    "@types/downloadjs": {
      "version": "1.4.2",
      "resolved": "https://registry.npmjs.org/@types/downloadjs/-/downloadjs-1.4.2.tgz",
      "integrity": "sha512-9UWO+nrRhwyKcFe45SFc98sWI8RGwpVwtZiZzi0W/dWdrp1SiUWFNANLlAXZb5QCMFDbeRiAQEhRn5btLd4a4w=="
    },
    "downloadjs": {
      "version": "1.4.7",
      "resolved": "https://registry.npmjs.org/downloadjs/-/downloadjs-1.4.7.tgz",
      "integrity": "sha1-9p+W+UDg0FU9rCkROYZaPNAQHjw="
    },
    "xstate": {
      "version": "4.14.1",
      "resolved": "https://registry.npmjs.org/xstate/-/xstate-4.14.1.tgz",
      "integrity": "sha512-1LyR5c6wgA41660Cp8Dq5VWRtS75l+KnjysgpgZI9FVLvYl5BF2FmkfT5CAlTIo+CKfj/4IznQYkYfURxuY6WA=="
    }
  }
}
