{
  "name": "@nwm/lsn",
  "version": "0.6.48",
  "lockfileVersion": 1,
  "requires": true,
  "dependencies": {
    "react-string-replace": {
      "version": "0.4.4",
      "resolved": "https://registry.npmjs.org/react-string-replace/-/react-string-replace-0.4.4.tgz",
      "integrity": "sha512-FAMkhxmDpCsGTwTZg7p/2v+/GTmxAp73so3fbSvlAcBBX36ujiGRNEaM/1u+jiYQrArhns+7eE92g2pi5E5FUA==",
      "requires": {
        "lodash": "^4.17.4"
      },
      "dependencies": {
        "lodash": {
          "version": "4.17.20",
          "resolved": "https://registry.npmjs.org/lodash/-/lodash-4.17.20.tgz",
          "integrity": "sha512-PlhdFcillOINfeV7Ni6oF1TAEayyZBoZ8bcshTHqOYJYlrqzRK5hagpagky5o4HfCzzd1TRkXPMFq6cKk9rGmA=="
        }
      }
    }
  }
}
